version=v0.5.1
commit=5722854fddfd68b1fc7ca9feca935fe3e7eec625
darwin-amd64=6e3bae8862602a26ca20af9d4a4710c9a6fc868496c3166eeb83e4dce58f31b2
darwin-arm64=64bada033baf5ee6343e3fe02670dd832e809ee1ca3b50b7261cfd1b85f9d9b9
linux-amd64=89f409b83d119d8ed3a18f7bd5e8134cbc54fb68b55e329797b88a5079fa1adb
linux-arm64=8ce10f15ba590bc0600def4f4e926ab65de75380f69be5fa43600947a87f76cb
