version=v0.4.0
commit=d33184c113a0d2d1763965064bee18a5307f1cdc
darwin-amd64=8d81ee1c0f6fd1e8fc73efaa72f3a6649ef08b22c1b1d754879200f5f9fcec41
darwin-arm64=6398bc102bc6e10e02b58062598ccba038d46588dad2b3e7a8f6b7f8b3f722ab
linux-amd64=7b91793b463d60e7daf37cad30e3a2481b74121099f6cb3a5310641ced28a098
linux-arm64=1deeed0d2f54f9037906a5d952c7cc6a738bf6c86a815e53b3fcfa9e9c03ab91
