# This file is automatically @generated by Cargo.
# It is not intended for manual editing.
version = 4

[[package]]
name = "msp-abstract"
version = "0.1.0"

[[package]]
name = "msp-concurrent"
version = "0.1.0"

[[package]]
name = "msp-core"
version = "0.1.0"

[[package]]
name = "msp-ffi"
version = "0.1.0"
